Microsoft Visual Studio Solution File, Format Version 12.00
# Visual Studio 2013
VisualStudioVersion = 12.0.30501.0
MinimumVisualStudioVersion = 10.0.40219.1
Project("{$guidSolution$}") = "storename", "Win8Store\storename.csproj", "{$guidProjetStore$}"
  ProjectSection(ProjectDependencies) = postProject
		{$guidProjetModel$} = {$guidProjetModel$}	
		{$guidProjetViewModel$} = {$guidProjetViewModel$}
		{$guidProjetApplication$} = {$guidProjetApplication$}
		{$guidProjetShared$} = {$guidProjetShared$}
	EndProjectSection
EndProject
Project("{$guidSolution$}") = "phonename", "Win8Phone\phonename.csproj", "{$guidProjetPhone$}"
	ProjectSection(ProjectDependencies) = postProject
		{$guidProjetModel$} = {$guidProjetModel$}
		{$guidProjetViewModel$} = {$guidProjetViewModel$}
		{$guidProjetApplication$} = {$guidProjetApplication$}
		{$guidProjetShared$} = {$guidProjetShared$}
	EndProjectSection
EndProject
Project("{$guidSolution$}") = "TestApp.Shared", "Win8Shared\sharedname.shproj", "{$guidProjetShared$}"
EndProject
Project("{$guidSolution$}") = "Model", "CommonPCL\Model\Model.csproj", "{$guidProjetModel$}"
EndProject
Project("{$guidSolution$}") = "Dao", "CommonPCL\Dao\Dao.csproj", "{$guidProjetDao$}"
EndProject
Project("{$guidSolution$}") = "DataLoader", "CommonPCL\DataLoader\DataLoader.csproj", "{$guidProjetDataLoader$}"
EndProject
Project("{$guidSolution$}") = "ViewModel", "CommonPCL\ViewModel\ViewModel.csproj", "{$guidProjetViewModel$}"
EndProject
Project("{$guidSolution$}") = "Application", "CommonPCL\Application\Application.csproj", "{$guidProjetApplication$}"
EndProject
Project("{2150E333-8FDC-42A3-9474-1A3956D46DE8}") = "CommonPCL", "CommonPCL", "{$guidFolder$}"
EndProject
Global
	GlobalSection(SolutionConfigurationPlatforms) = preSolution
		Debug|Any CPU = Debug|Any CPU
		Debug|ARM = Debug|ARM
		Debug|Mixed Platforms = Debug|Mixed Platforms
		Debug|Win32 = Debug|Win32
		Debug|x64 = Debug|x64
		Debug|x86 = Debug|x86
		Release|Any CPU = Release|Any CPU
		Release|ARM = Release|ARM
		Release|Mixed Platforms = Release|Mixed Platforms
		Release|Win32 = Release|Win32
		Release|x64 = Release|x64
		Release|x86 = Release|x86
	EndGlobalSection
GlobalSection(ProjectConfigurationPlatforms) = postSolution
		{$guidProjetStore$}.Debug|Any CPU.ActiveCfg = Debug|Any CPU
		{$guidProjetStore$}.Debug|Any CPU.Build.0 = Debug|Any CPU
		{$guidProjetStore$}.Debug|Any CPU.Deploy.0 = Debug|Any CPU
		{$guidProjetStore$}.Debug|ARM.ActiveCfg = Debug|ARM
		{$guidProjetStore$}.Debug|ARM.Build.0 = Debug|ARM
		{$guidProjetStore$}.Debug|ARM.Deploy.0 = Debug|ARM
		{$guidProjetStore$}.Debug|Mixed Platforms.ActiveCfg = Debug|x86
		{$guidProjetStore$}.Debug|Mixed Platforms.Build.0 = Debug|x86
		{$guidProjetStore$}.Debug|Mixed Platforms.Deploy.0 = Debug|x86
		{$guidProjetStore$}.Debug|Win32.ActiveCfg = Debug|x86
		{$guidProjetStore$}.Debug|Win32.Build.0 = Debug|x86
		{$guidProjetStore$}.Debug|Win32.Deploy.0 = Debug|x86
		{$guidProjetStore$}.Debug|x64.ActiveCfg = Debug|x64
		{$guidProjetStore$}.Debug|x64.Build.0 = Debug|x64
		{$guidProjetStore$}.Debug|x64.Deploy.0 = Debug|x64
		{$guidProjetStore$}.Debug|x86.ActiveCfg = Debug|x86
		{$guidProjetStore$}.Debug|x86.Build.0 = Debug|x86
		{$guidProjetStore$}.Debug|x86.Deploy.0 = Debug|x86
		{$guidProjetStore$}.Release|Any CPU.ActiveCfg = Release|Any CPU
		{$guidProjetStore$}.Release|Any CPU.Build.0 = Release|Any CPU
		{$guidProjetStore$}.Release|Any CPU.Deploy.0 = Release|Any CPU
		{$guidProjetStore$}.Release|ARM.ActiveCfg = Release|ARM
		{$guidProjetStore$}.Release|ARM.Build.0 = Release|ARM
		{$guidProjetStore$}.Release|ARM.Deploy.0 = Release|ARM
		{$guidProjetStore$}.Release|Mixed Platforms.ActiveCfg = Release|x86
		{$guidProjetStore$}.Release|Mixed Platforms.Build.0 = Release|x86
		{$guidProjetStore$}.Release|Mixed Platforms.Deploy.0 = Release|x86
		{$guidProjetStore$}.Release|Win32.ActiveCfg = Release|x86
		{$guidProjetStore$}.Release|Win32.Build.0 = Release|x86
		{$guidProjetStore$}.Release|Win32.Deploy.0 = Release|x86
		{$guidProjetStore$}.Release|x64.ActiveCfg = Release|x64
		{$guidProjetStore$}.Release|x64.Build.0 = Release|x64
		{$guidProjetStore$}.Release|x64.Deploy.0 = Release|x64
		{$guidProjetStore$}.Release|x86.ActiveCfg = Release|x86
		{$guidProjetStore$}.Release|x86.Build.0 = Release|x86
		{$guidProjetStore$}.Release|x86.Deploy.0 = Release|x86
		{92E2ED8A-CCA2-43B9-8F60-703E5C07A4E7}.Debug|Any CPU.ActiveCfg = Debug|Any CPU
		{$guidProjetPhone$}.Debug|Any CPU.Build.0 = Debug|Any CPU
		{$guidProjetPhone$}.Debug|Any CPU.Deploy.0 = Debug|Any CPU
		{$guidProjetPhone$}.Debug|ARM.ActiveCfg = Debug|ARM
		{$guidProjetPhone$}.Debug|ARM.Build.0 = Debug|ARM
		{$guidProjetPhone$}.Debug|ARM.Deploy.0 = Debug|ARM
		{$guidProjetPhone$}.Debug|Mixed Platforms.ActiveCfg = Debug|ARM
		{$guidProjetPhone$}.Debug|Mixed Platforms.Build.0 = Debug|ARM
		{$guidProjetPhone$}.Debug|Mixed Platforms.Deploy.0 = Debug|ARM
		{$guidProjetPhone$}.Debug|Win32.ActiveCfg = Debug|x86
		{$guidProjetPhone$}.Debug|Win32.Build.0 = Debug|x86
		{$guidProjetPhone$}.Debug|Win32.Deploy.0 = Debug|x86
		{$guidProjetPhone$}.Debug|x64.ActiveCfg = Debug|Any CPU
		{$guidProjetPhone$}.Debug|x86.ActiveCfg = Debug|x86
		{$guidProjetPhone$}.Debug|x86.Build.0 = Debug|x86
		{$guidProjetPhone$}.Debug|x86.Deploy.0 = Debug|x86
		{$guidProjetPhone$}.Release|Any CPU.ActiveCfg = Release|Any CPU
		{$guidProjetPhone$}.Release|Any CPU.Build.0 = Release|Any CPU
		{$guidProjetPhone$}.Release|Any CPU.Deploy.0 = Release|Any CPU
		{$guidProjetPhone$}.Release|ARM.ActiveCfg = Release|ARM
		{$guidProjetPhone$}.Release|ARM.Build.0 = Release|ARM
		{$guidProjetPhone$}.Release|ARM.Deploy.0 = Release|ARM
		{$guidProjetPhone$}.Release|Mixed Platforms.ActiveCfg = Release|x86
		{$guidProjetPhone$}.Release|Mixed Platforms.Build.0 = Release|x86
		{$guidProjetPhone$}.Release|Mixed Platforms.Deploy.0 = Release|x86
		{$guidProjetPhone$}.Release|Win32.ActiveCfg = Release|x86
		{$guidProjetPhone$}.Release|Win32.Build.0 = Release|x86
		{$guidProjetPhone$}.Release|Win32.Deploy.0 = Release|x86
		{$guidProjetPhone$}.Release|x64.ActiveCfg = Release|Any CPU
		{$guidProjetPhone$}.Release|x86.ActiveCfg = Release|x86
		{$guidProjetPhone$}.Release|x86.Build.0 = Release|x86
		{$guidProjetPhone$}.Release|x86.Deploy.0 = Release|x86
		{7DBF7924-DCD0-4015-A8B8-8755C421BD65}.Debug|Any CPU.ActiveCfg = Debug|Any CPU
		{$guidProjetModel$}.Debug|Any CPU.Build.0 = Debug|Any CPU
		{$guidProjetModel$}.Debug|ARM.ActiveCfg = Debug|Any CPU
		{$guidProjetModel$}.Debug|Mixed Platforms.ActiveCfg = Debug|Any CPU
		{$guidProjetModel$}.Debug|Mixed Platforms.Build.0 = Debug|Any CPU
		{$guidProjetModel$}.Debug|Win32.ActiveCfg = Debug|Any CPU
		{$guidProjetModel$}.Debug|x64.ActiveCfg = Debug|Any CPU
		{$guidProjetModel$}.Debug|x86.ActiveCfg = Debug|Any CPU
		{$guidProjetModel$}.Release|Any CPU.ActiveCfg = Release|Any CPU
		{$guidProjetModel$}.Release|Any CPU.Build.0 = Release|Any CPU
		{$guidProjetModel$}.Release|ARM.ActiveCfg = Release|Any CPU
		{$guidProjetModel$}.Release|Mixed Platforms.ActiveCfg = Release|Any CPU
		{$guidProjetModel$}.Release|Mixed Platforms.Build.0 = Release|Any CPU
		{$guidProjetModel$}.Release|Win32.ActiveCfg = Release|Any CPU
		{$guidProjetModel$}.Release|x64.ActiveCfg = Release|Any CPU
		{$guidProjetModel$}.Release|x86.ActiveCfg = Release|Any CPU
		{E0DF08BA-00CD-4F5D-BDB3-472B257FF565}.Debug|Any CPU.ActiveCfg = Debug|Any CPU
		{$guidProjetDao$}.Debug|Any CPU.Build.0 = Debug|Any CPU
		{$guidProjetDao$}.Debug|ARM.ActiveCfg = Debug|Any CPU
		{$guidProjetDao$}.Debug|Mixed Platforms.ActiveCfg = Debug|Any CPU
		{$guidProjetDao$}.Debug|Mixed Platforms.Build.0 = Debug|Any CPU
		{$guidProjetDao$}.Debug|Win32.ActiveCfg = Debug|Any CPU
		{$guidProjetDao$}.Debug|x64.ActiveCfg = Debug|Any CPU
		{$guidProjetDao$}.Debug|x86.ActiveCfg = Debug|Any CPU
		{$guidProjetDao$}.Release|Any CPU.ActiveCfg = Release|Any CPU
		{$guidProjetDao$}.Release|Any CPU.Build.0 = Release|Any CPU
		{$guidProjetDao$}.Release|ARM.ActiveCfg = Release|Any CPU
		{$guidProjetDao$}.Release|Mixed Platforms.ActiveCfg = Release|Any CPU
		{$guidProjetDao$}.Release|Mixed Platforms.Build.0 = Release|Any CPU
		{$guidProjetDao$}.Release|Win32.ActiveCfg = Release|Any CPU
		{$guidProjetDao$}.Release|x64.ActiveCfg = Release|Any CPU
		{$guidProjetDao$}.Release|x86.ActiveCfg = Release|Any CPU
		{99346F7F-177C-4192-B3BC-D8DFE0000ACA}.Debug|Any CPU.ActiveCfg = Debug|Any CPU
		{$guidProjetViewModel$}.Debug|Any CPU.Build.0 = Debug|Any CPU
		{$guidProjetViewModel$}.Debug|ARM.ActiveCfg = Debug|Any CPU
		{$guidProjetViewModel$}.Debug|Mixed Platforms.ActiveCfg = Debug|Any CPU
		{$guidProjetViewModel$}.Debug|Mixed Platforms.Build.0 = Debug|Any CPU
		{$guidProjetViewModel$}.Debug|Win32.ActiveCfg = Debug|Any CPU
		{$guidProjetViewModel$}.Debug|x64.ActiveCfg = Debug|Any CPU
		{$guidProjetViewModel$}.Debug|x86.ActiveCfg = Debug|Any CPU
		{$guidProjetViewModel$}.Release|Any CPU.ActiveCfg = Release|Any CPU
		{$guidProjetViewModel$}.Release|Any CPU.Build.0 = Release|Any CPU
		{$guidProjetViewModel$}.Release|ARM.ActiveCfg = Release|Any CPU
		{$guidProjetViewModel$}.Release|Mixed Platforms.ActiveCfg = Release|Any CPU
		{$guidProjetViewModel$}.Release|Mixed Platforms.Build.0 = Release|Any CPU
		{$guidProjetViewModel$}.Release|Win32.ActiveCfg = Release|Any CPU
		{$guidProjetViewModel$}.Release|x64.ActiveCfg = Release|Any CPU
		{$guidProjetViewModel$}.Release|x86.ActiveCfg = Release|Any CPU
		{9B927027-D821-4BB8-B418-66A2DE7E17D8}.Debug|Any CPU.ActiveCfg = Debug|Any CPU		
		{$guidProjetDataLoader$}.Debug|Any CPU.Build.0 = Debug|Any CPU
		{$guidProjetDataLoader$}.Debug|ARM.ActiveCfg = Debug|Any CPU
		{$guidProjetDataLoader$}.Debug|Mixed Platforms.ActiveCfg = Debug|Any CPU
		{$guidProjetDataLoader$}.Debug|Mixed Platforms.Build.0 = Debug|Any CPU
		{$guidProjetDataLoader$}.Debug|Win32.ActiveCfg = Debug|Any CPU
		{$guidProjetDataLoader$}.Debug|x64.ActiveCfg = Debug|Any CPU
		{$guidProjetDataLoader$}.Debug|x86.ActiveCfg = Debug|Any CPU
		{$guidProjetDataLoader$}.Release|Any CPU.ActiveCfg = Release|Any CPU
		{$guidProjetDataLoader$}.Release|Any CPU.Build.0 = Release|Any CPU
		{$guidProjetDataLoader$}.Release|ARM.ActiveCfg = Release|Any CPU
		{$guidProjetDataLoader$}.Release|Mixed Platforms.ActiveCfg = Release|Any CPU
		{$guidProjetDataLoader$}.Release|Mixed Platforms.Build.0 = Release|Any CPU
		{$guidProjetDataLoader$}.Release|Win32.ActiveCfg = Release|Any CPU
		{$guidProjetDataLoader$}.Release|x64.ActiveCfg = Release|Any CPU
		{$guidProjetDataLoader$}.Release|x86.ActiveCfg = Release|Any CPU
		{$guidProjetApplication$}.Debug|Any CPU.Build.0 = Debug|Any CPU
		{$guidProjetApplication$}.Debug|ARM.ActiveCfg = Debug|Any CPU
		{$guidProjetApplication$}.Debug|Mixed Platforms.ActiveCfg = Debug|Any CPU
		{$guidProjetApplication$}.Debug|Mixed Platforms.Build.0 = Debug|Any CPU
		{$guidProjetApplication$}.Debug|Win32.ActiveCfg = Debug|Any CPU
		{$guidProjetApplication$}.Debug|x64.ActiveCfg = Debug|Any CPU
		{$guidProjetApplication$}.Debug|x86.ActiveCfg = Debug|Any CPU
		{$guidProjetApplication$}.Release|Any CPU.ActiveCfg = Release|Any CPU
		{$guidProjetApplication$}.Release|Any CPU.Build.0 = Release|Any CPU
		{$guidProjetApplication$}.Release|ARM.ActiveCfg = Release|Any CPU
		{$guidProjetApplication$}.Release|Mixed Platforms.ActiveCfg = Release|Any CPU
		{$guidProjetApplication$}.Release|Mixed Platforms.Build.0 = Release|Any CPU
		{$guidProjetApplication$}.Release|Win32.ActiveCfg = Release|Any CPU
		{$guidProjetApplication$}.Release|x64.ActiveCfg = Release|Any CPU
		{$guidProjetApplication$}.Release|x86.ActiveCfg = Release|Any CPU
	EndGlobalSection
	GlobalSection(SolutionProperties) = preSolution
		HideSolutionNode = FALSE
	EndGlobalSection
	GlobalSection(NestedProjects) = preSolution
		{$guidProjetModel$} = {$guidFolder$}
		{$guidProjetDao$} = {$guidFolder$}
		{$guidProjetDataLoader$} = {$guidFolder$}
		{$guidProjetViewModel$} = {$guidFolder$}
		{$guidProjetApplication$} = {$guidFolder$}
	EndGlobalSection
EndGlobal
